dependencies:
- name: grafana-operator
  repository: oci://ghcr.io/grafana/helm-charts
  version: v5.15.1
- name: victoria-metrics-operator
  repository: https://victoriametrics.github.io/helm-charts/
  version: 0.40.1
- name: victoria-logs-single
  repository: https://victoriametrics.github.io/helm-charts/
  version: 0.8.11
- name: external-dns
  repository: https://kubernetes-sigs.github.io/external-dns/
  version: 1.15.0
digest: sha256:9c1056fffd3181ca1bda81849daa785e553b8861772a5b4c172854b53a12aa6b
generated: "2024-12-20T16:27:05.933849+02:00"
